
Microsoft Visual Studio Solution File, Format Version 12.00
# Visual Studio Version 16
VisualStudioVersion = 16.0.30503.244
MinimumVisualStudioVersion = 10.0.40219.1
Project("{8BC9CEB8-8B4A-11D0-8D11-00A0C91BC942}") = "Server", "Server\Server.vcxproj", "{1AF6746D-2C89-4DFC-8D22-A584104C4AF5}"
EndProject
Global
	GlobalSection(SolutionConfigurationPlatforms) = preSolution
		Debug|x64 = Debug|x64
		Debug|x86 = Debug|x86
		Release|x64 = Release|x64
		Release|x86 = Release|x86
	EndGlobalSection
	GlobalSection(ProjectConfigurationPlatforms) = postSolution
		{1AF6746D-2C89-4DFC-8D22-A584104C4AF5}.Debug|x64.ActiveCfg = Debug|x64
		{1AF6746D-2C89-4DFC-8D22-A584104C4AF5}.Debug|x64.Build.0 = Debug|x64
		{1AF6746D-2C89-4DFC-8D22-A584104C4AF5}.Debug|x86.ActiveCfg = Debug|Win32
		{1AF6746D-2C89-4DFC-8D22-A584104C4AF5}.Debug|x86.Build.0 = Debug|Win32
		{1AF6746D-2C89-4DFC-8D22-A584104C4AF5}.Release|x64.ActiveCfg = Release|x64
		{1AF6746D-2C89-4DFC-8D22-A584104C4AF5}.Release|x64.Build.0 = Release|x64
		{1AF6746D-2C89-4DFC-8D22-A584104C4AF5}.Release|x86.ActiveCfg = Release|Win32
		{1AF6746D-2C89-4DFC-8D22-A584104C4AF5}.Release|x86.Build.0 = Release|Win32
	EndGlobalSection
	GlobalSection(SolutionProperties) = preSolution
		HideSolutionNode = FALSE
	EndGlobalSection
	GlobalSection(ExtensibilityGlobals) = postSolution
		SolutionGuid = {0D6610D8-1D6C-45E0-8B72-0E6828C01572}
	EndGlobalSection
EndGlobal
